
Microsoft Visual Studio Solution File, Format Version 12.00
# Visual Studio Version 16
VisualStudioVersion = 16.0.32802.440
MinimumVisualStudioVersion = 10.0.40219.1
Project("{FAE04EC0-301F-11D3-BF4B-00C04F79EFBC}") = "SalesWebMvc", "SalesWebMvc\SalesWebMvc.csproj", "{48735055-7AEE-4E14-ADD0-F648A50E80A0}"
EndProject
Global
	GlobalSection(SolutionConfigurationPlatforms) = preSolution
		Debug|Any CPU = Debug|Any CPU
		Release|Any CPU = Release|Any CPU
	EndGlobalSection
	GlobalSection(ProjectConfigurationPlatforms) = postSolution
		{48735055-7AEE-4E14-ADD0-F648A50E80A0}.Debug|Any CPU.ActiveCfg = Debug|Any CPU
		{48735055-7AEE-4E14-ADD0-F648A50E80A0}.Debug|Any CPU.Build.0 = Debug|Any CPU
		{48735055-7AEE-4E14-ADD0-F648A50E80A0}.Release|Any CPU.ActiveCfg = Release|Any CPU
		{48735055-7AEE-4E14-ADD0-F648A50E80A0}.Release|Any CPU.Build.0 = Release|Any CPU
	EndGlobalSection
	GlobalSection(SolutionProperties) = preSolution
		HideSolutionNode = FALSE
	EndGlobalSection
	GlobalSection(ExtensibilityGlobals) = postSolution
		SolutionGuid = {DE45BA4F-D61F-47D5-B052-F108EDBF9017}
	EndGlobalSection
EndGlobal
